
Microsoft Visual Studio Solution File, Format Version 12.00
# Visual Studio Version 17
VisualStudioVersion = 17.6.33815.320
MinimumVisualStudioVersion = 10.0.40219.1
Project("{FAE04EC0-301F-11D3-BF4B-00C04F79EFBC}") = "uchebnaya", "uchebnaya\uchebnaya.csproj", "{A40281A8-F8A3-4FC3-9C2F-59ABBB9BAF79}"
EndProject
Global
	GlobalSection(SolutionConfigurationPlatforms) = preSolution
		Debug|Any CPU = Debug|Any CPU
		Release|Any CPU = Release|Any CPU
	EndGlobalSection
	GlobalSection(ProjectConfigurationPlatforms) = postSolution
		{A40281A8-F8A3-4FC3-9C2F-59ABBB9BAF79}.Debug|Any CPU.ActiveCfg = Debug|Any CPU
		{A40281A8-F8A3-4FC3-9C2F-59ABBB9BAF79}.Debug|Any CPU.Build.0 = Debug|Any CPU
		{A40281A8-F8A3-4FC3-9C2F-59ABBB9BAF79}.Release|Any CPU.ActiveCfg = Release|Any CPU
		{A40281A8-F8A3-4FC3-9C2F-59ABBB9BAF79}.Release|Any CPU.Build.0 = Release|Any CPU
	EndGlobalSection
	GlobalSection(SolutionProperties) = preSolution
		HideSolutionNode = FALSE
	EndGlobalSection
	GlobalSection(ExtensibilityGlobals) = postSolution
		SolutionGuid = {70897E28-563A-4F20-A820-B20CFFA5CBDB}
	EndGlobalSection
EndGlobal
